
Microsoft Visual Studio Solution File, Format Version 12.00
# Visual Studio Version 16
VisualStudioVersion = 16.6.30114.105
MinimumVisualStudioVersion = 10.0.40219.1
Project("{2150E333-8FDC-42A3-9474-1A3956D46DE8}") = "src", "src", "{1D581D33-850F-467D-BFB5-0D8562CC9059}"
EndProject
Project("{9A19103F-16F7-4668-BE54-9A1E7A4F7556}") = "Actio.Api", "src\Actio.Api\Actio.Api.csproj", "{9FE860E2-CA30-4904-874F-376522960DF9}"
EndProject
Project("{9A19103F-16F7-4668-BE54-9A1E7A4F7556}") = "Actio.Common", "src\Actio.Common\Actio.Common.csproj", "{E5572909-ADAC-471B-8420-0FA00505D2B8}"
EndProject
Project("{9A19103F-16F7-4668-BE54-9A1E7A4F7556}") = "Actio.Services.Activities", "src\Actio.Services.Activities\Actio.Services.Activities.csproj", "{7998CFA7-BE3B-477C-85E9-8EDED338429B}"
EndProject
Project("{9A19103F-16F7-4668-BE54-9A1E7A4F7556}") = "Actio.Services.Identity", "src\Actio.Services.Identity\Actio.Services.Identity.csproj", "{409682B6-56F5-441E-8E9B-5CA8900D2B24}"
EndProject
Project("{9A19103F-16F7-4668-BE54-9A1E7A4F7556}") = "Actio.Domain", "src\Actio.Domain\Actio.Domain.csproj", "{2D745D66-7FEE-4C07-AD80-6D933396C22E}"
EndProject
Project("{9A19103F-16F7-4668-BE54-9A1E7A4F7556}") = "Actio.Repositories", "src\Actio.Repositories\Actio.Repositories.csproj", "{B66ED025-1E59-456C-9286-45F67690FE8D}"
EndProject
Project("{2150E333-8FDC-42A3-9474-1A3956D46DE8}") = "Tests", "Tests", "{08C80F05-2D97-4F62-B83F-16D928A958C5}"
EndProject
Project("{9A19103F-16F7-4668-BE54-9A1E7A4F7556}") = "Actio.Api.Tests", "tests\Actio.Api.Tests\Actio.Api.Tests.csproj", "{184BBD55-3F25-426A-84F4-8FF262D9AFE0}"
EndProject
Project("{9A19103F-16F7-4668-BE54-9A1E7A4F7556}") = "Actio.Services.Activities.Tests", "tests\Actio.Services.Activities.Tests\Actio.Services.Activities.Tests.csproj", "{2100546D-1A28-44CF-A64C-4F6102805D37}"
EndProject
Project("{9A19103F-16F7-4668-BE54-9A1E7A4F7556}") = "Actio.Services.Identity.Tests", "tests\Actio.Services.Identity.Tests\Actio.Services.Identity.Tests.csproj", "{04F0CF67-32A5-4314-BA24-5FCD46400D0D}"
EndProject
Global
	GlobalSection(SolutionConfigurationPlatforms) = preSolution
		Debug|Any CPU = Debug|Any CPU
		Debug|x64 = Debug|x64
		Debug|x86 = Debug|x86
		Release|Any CPU = Release|Any CPU
		Release|x64 = Release|x64
		Release|x86 = Release|x86
	EndGlobalSection
	GlobalSection(ProjectConfigurationPlatforms) = postSolution
		{9FE860E2-CA30-4904-874F-376522960DF9}.Debug|Any CPU.ActiveCfg = Debug|Any CPU
		{9FE860E2-CA30-4904-874F-376522960DF9}.Debug|Any CPU.Build.0 = Debug|Any CPU
		{9FE860E2-CA30-4904-874F-376522960DF9}.Debug|x64.ActiveCfg = Debug|Any CPU
		{9FE860E2-CA30-4904-874F-376522960DF9}.Debug|x64.Build.0 = Debug|Any CPU
		{9FE860E2-CA30-4904-874F-376522960DF9}.Debug|x86.ActiveCfg = Debug|Any CPU
		{9FE860E2-CA30-4904-874F-376522960DF9}.Debug|x86.Build.0 = Debug|Any CPU
		{9FE860E2-CA30-4904-874F-376522960DF9}.Release|Any CPU.ActiveCfg = Release|Any CPU
		{9FE860E2-CA30-4904-874F-376522960DF9}.Release|Any CPU.Build.0 = Release|Any CPU
		{9FE860E2-CA30-4904-874F-376522960DF9}.Release|x64.ActiveCfg = Release|Any CPU
		{9FE860E2-CA30-4904-874F-376522960DF9}.Release|x64.Build.0 = Release|Any CPU
		{9FE860E2-CA30-4904-874F-376522960DF9}.Release|x86.ActiveCfg = Release|Any CPU
		{9FE860E2-CA30-4904-874F-376522960DF9}.Release|x86.Build.0 = Release|Any CPU
		{E5572909-ADAC-471B-8420-0FA00505D2B8}.Debug|Any CPU.ActiveCfg = Debug|Any CPU
		{E5572909-ADAC-471B-8420-0FA00505D2B8}.Debug|Any CPU.Build.0 = Debug|Any CPU
		{E5572909-ADAC-471B-8420-0FA00505D2B8}.Debug|x64.ActiveCfg = Debug|Any CPU
		{E5572909-ADAC-471B-8420-0FA00505D2B8}.Debug|x64.Build.0 = Debug|Any CPU
		{E5572909-ADAC-471B-8420-0FA00505D2B8}.Debug|x86.ActiveCfg = Debug|Any CPU
		{E5572909-ADAC-471B-8420-0FA00505D2B8}.Debug|x86.Build.0 = Debug|Any CPU
		{E5572909-ADAC-471B-8420-0FA00505D2B8}.Release|Any CPU.ActiveCfg = Release|Any CPU
		{E5572909-ADAC-471B-8420-0FA00505D2B8}.Release|Any CPU.Build.0 = Release|Any CPU
		{E5572909-ADAC-471B-8420-0FA00505D2B8}.Release|x64.ActiveCfg = Release|Any CPU
		{E5572909-ADAC-471B-8420-0FA00505D2B8}.Release|x64.Build.0 = Release|Any CPU
		{E5572909-ADAC-471B-8420-0FA00505D2B8}.Release|x86.ActiveCfg = Release|Any CPU
		{E5572909-ADAC-471B-8420-0FA00505D2B8}.Release|x86.Build.0 = Release|Any CPU
		{7998CFA7-BE3B-477C-85E9-8EDED338429B}.Debug|Any CPU.ActiveCfg = Debug|Any CPU
		{7998CFA7-BE3B-477C-85E9-8EDED338429B}.Debug|Any CPU.Build.0 = Debug|Any CPU
		{7998CFA7-BE3B-477C-85E9-8EDED338429B}.Debug|x64.ActiveCfg = Debug|Any CPU
		{7998CFA7-BE3B-477C-85E9-8EDED338429B}.Debug|x64.Build.0 = Debug|Any CPU
		{7998CFA7-BE3B-477C-85E9-8EDED338429B}.Debug|x86.ActiveCfg = Debug|Any CPU
		{7998CFA7-BE3B-477C-85E9-8EDED338429B}.Debug|x86.Build.0 = Debug|Any CPU
		{7998CFA7-BE3B-477C-85E9-8EDED338429B}.Release|Any CPU.ActiveCfg = Release|Any CPU
		{7998CFA7-BE3B-477C-85E9-8EDED338429B}.Release|Any CPU.Build.0 = Release|Any CPU
		{7998CFA7-BE3B-477C-85E9-8EDED338429B}.Release|x64.ActiveCfg = Release|Any CPU
		{7998CFA7-BE3B-477C-85E9-8EDED338429B}.Release|x64.Build.0 = Release|Any CPU
		{7998CFA7-BE3B-477C-85E9-8EDED338429B}.Release|x86.ActiveCfg = Release|Any CPU
		{7998CFA7-BE3B-477C-85E9-8EDED338429B}.Release|x86.Build.0 = Release|Any CPU
		{409682B6-56F5-441E-8E9B-5CA8900D2B24}.Debug|Any CPU.ActiveCfg = Debug|Any CPU
		{409682B6-56F5-441E-8E9B-5CA8900D2B24}.Debug|Any CPU.Build.0 = Debug|Any CPU
		{409682B6-56F5-441E-8E9B-5CA8900D2B24}.Debug|x64.ActiveCfg = Debug|Any CPU
		{409682B6-56F5-441E-8E9B-5CA8900D2B24}.Debug|x64.Build.0 = Debug|Any CPU
		{409682B6-56F5-441E-8E9B-5CA8900D2B24}.Debug|x86.ActiveCfg = Debug|Any CPU
		{409682B6-56F5-441E-8E9B-5CA8900D2B24}.Debug|x86.Build.0 = Debug|Any CPU
		{409682B6-56F5-441E-8E9B-5CA8900D2B24}.Release|Any CPU.ActiveCfg = Release|Any CPU
		{409682B6-56F5-441E-8E9B-5CA8900D2B24}.Release|Any CPU.Build.0 = Release|Any CPU
		{409682B6-56F5-441E-8E9B-5CA8900D2B24}.Release|x64.ActiveCfg = Release|Any CPU
		{409682B6-56F5-441E-8E9B-5CA8900D2B24}.Release|x64.Build.0 = Release|Any CPU
		{409682B6-56F5-441E-8E9B-5CA8900D2B24}.Release|x86.ActiveCfg = Release|Any CPU
		{409682B6-56F5-441E-8E9B-5CA8900D2B24}.Release|x86.Build.0 = Release|Any CPU
		{2D745D66-7FEE-4C07-AD80-6D933396C22E}.Debug|Any CPU.ActiveCfg = Debug|Any CPU
		{2D745D66-7FEE-4C07-AD80-6D933396C22E}.Debug|Any CPU.Build.0 = Debug|Any CPU
		{2D745D66-7FEE-4C07-AD80-6D933396C22E}.Debug|x64.ActiveCfg = Debug|Any CPU
		{2D745D66-7FEE-4C07-AD80-6D933396C22E}.Debug|x64.Build.0 = Debug|Any CPU
		{2D745D66-7FEE-4C07-AD80-6D933396C22E}.Debug|x86.ActiveCfg = Debug|Any CPU
		{2D745D66-7FEE-4C07-AD80-6D933396C22E}.Debug|x86.Build.0 = Debug|Any CPU
		{2D745D66-7FEE-4C07-AD80-6D933396C22E}.Release|Any CPU.ActiveCfg = Release|Any CPU
		{2D745D66-7FEE-4C07-AD80-6D933396C22E}.Release|Any CPU.Build.0 = Release|Any CPU
		{2D745D66-7FEE-4C07-AD80-6D933396C22E}.Release|x64.ActiveCfg = Release|Any CPU
		{2D745D66-7FEE-4C07-AD80-6D933396C22E}.Release|x64.Build.0 = Release|Any CPU
		{2D745D66-7FEE-4C07-AD80-6D933396C22E}.Release|x86.ActiveCfg = Release|Any CPU
		{2D745D66-7FEE-4C07-AD80-6D933396C22E}.Release|x86.Build.0 = Release|Any CPU
		{B66ED025-1E59-456C-9286-45F67690FE8D}.Debug|Any CPU.ActiveCfg = Debug|Any CPU
		{B66ED025-1E59-456C-9286-45F67690FE8D}.Debug|Any CPU.Build.0 = Debug|Any CPU
		{B66ED025-1E59-456C-9286-45F67690FE8D}.Debug|x64.ActiveCfg = Debug|Any CPU
		{B66ED025-1E59-456C-9286-45F67690FE8D}.Debug|x64.Build.0 = Debug|Any CPU
		{B66ED025-1E59-456C-9286-45F67690FE8D}.Debug|x86.ActiveCfg = Debug|Any CPU
		{B66ED025-1E59-456C-9286-45F67690FE8D}.Debug|x86.Build.0 = Debug|Any CPU
		{B66ED025-1E59-456C-9286-45F67690FE8D}.Release|Any CPU.ActiveCfg = Release|Any CPU
		{B66ED025-1E59-456C-9286-45F67690FE8D}.Release|Any CPU.Build.0 = Release|Any CPU
		{B66ED025-1E59-456C-9286-45F67690FE8D}.Release|x64.ActiveCfg = Release|Any CPU
		{B66ED025-1E59-456C-9286-45F67690FE8D}.Release|x64.Build.0 = Release|Any CPU
		{B66ED025-1E59-456C-9286-45F67690FE8D}.Release|x86.ActiveCfg = Release|Any CPU
		{B66ED025-1E59-456C-9286-45F67690FE8D}.Release|x86.Build.0 = Release|Any CPU
		{184BBD55-3F25-426A-84F4-8FF262D9AFE0}.Debug|Any CPU.ActiveCfg = Debug|Any CPU
		{184BBD55-3F25-426A-84F4-8FF262D9AFE0}.Debug|Any CPU.Build.0 = Debug|Any CPU
		{184BBD55-3F25-426A-84F4-8FF262D9AFE0}.Debug|x64.ActiveCfg = Debug|Any CPU
		{184BBD55-3F25-426A-84F4-8FF262D9AFE0}.Debug|x64.Build.0 = Debug|Any CPU
		{184BBD55-3F25-426A-84F4-8FF262D9AFE0}.Debug|x86.ActiveCfg = Debug|Any CPU
		{184BBD55-3F25-426A-84F4-8FF262D9AFE0}.Debug|x86.Build.0 = Debug|Any CPU
		{184BBD55-3F25-426A-84F4-8FF262D9AFE0}.Release|Any CPU.ActiveCfg = Release|Any CPU
		{184BBD55-3F25-426A-84F4-8FF262D9AFE0}.Release|Any CPU.Build.0 = Release|Any CPU
		{184BBD55-3F25-426A-84F4-8FF262D9AFE0}.Release|x64.ActiveCfg = Release|Any CPU
		{184BBD55-3F25-426A-84F4-8FF262D9AFE0}.Release|x64.Build.0 = Release|Any CPU
		{184BBD55-3F25-426A-84F4-8FF262D9AFE0}.Release|x86.ActiveCfg = Release|Any CPU
		{184BBD55-3F25-426A-84F4-8FF262D9AFE0}.Release|x86.Build.0 = Release|Any CPU
		{2100546D-1A28-44CF-A64C-4F6102805D37}.Debug|Any CPU.ActiveCfg = Debug|Any CPU
		{2100546D-1A28-44CF-A64C-4F6102805D37}.Debug|Any CPU.Build.0 = Debug|Any CPU
		{2100546D-1A28-44CF-A64C-4F6102805D37}.Debug|x64.ActiveCfg = Debug|Any CPU
		{2100546D-1A28-44CF-A64C-4F6102805D37}.Debug|x64.Build.0 = Debug|Any CPU
		{2100546D-1A28-44CF-A64C-4F6102805D37}.Debug|x86.ActiveCfg = Debug|Any CPU
		{2100546D-1A28-44CF-A64C-4F6102805D37}.Debug|x86.Build.0 = Debug|Any CPU
		{2100546D-1A28-44CF-A64C-4F6102805D37}.Release|Any CPU.ActiveCfg = Release|Any CPU
		{2100546D-1A28-44CF-A64C-4F6102805D37}.Release|Any CPU.Build.0 = Release|Any CPU
		{2100546D-1A28-44CF-A64C-4F6102805D37}.Release|x64.ActiveCfg = Release|Any CPU
		{2100546D-1A28-44CF-A64C-4F6102805D37}.Release|x64.Build.0 = Release|Any CPU
		{2100546D-1A28-44CF-A64C-4F6102805D37}.Release|x86.ActiveCfg = Release|Any CPU
		{2100546D-1A28-44CF-A64C-4F6102805D37}.Release|x86.Build.0 = Release|Any CPU
		{04F0CF67-32A5-4314-BA24-5FCD46400D0D}.Debug|Any CPU.ActiveCfg = Debug|Any CPU
		{04F0CF67-32A5-4314-BA24-5FCD46400D0D}.Debug|Any CPU.Build.0 = Debug|Any CPU
		{04F0CF67-32A5-4314-BA24-5FCD46400D0D}.Debug|x64.ActiveCfg = Debug|Any CPU
		{04F0CF67-32A5-4314-BA24-5FCD46400D0D}.Debug|x64.Build.0 = Debug|Any CPU
		{04F0CF67-32A5-4314-BA24-5FCD46400D0D}.Debug|x86.ActiveCfg = Debug|Any CPU
		{04F0CF67-32A5-4314-BA24-5FCD46400D0D}.Debug|x86.Build.0 = Debug|Any CPU
		{04F0CF67-32A5-4314-BA24-5FCD46400D0D}.Release|Any CPU.ActiveCfg = Release|Any CPU
		{04F0CF67-32A5-4314-BA24-5FCD46400D0D}.Release|Any CPU.Build.0 = Release|Any CPU
		{04F0CF67-32A5-4314-BA24-5FCD46400D0D}.Release|x64.ActiveCfg = Release|Any CPU
		{04F0CF67-32A5-4314-BA24-5FCD46400D0D}.Release|x64.Build.0 = Release|Any CPU
		{04F0CF67-32A5-4314-BA24-5FCD46400D0D}.Release|x86.ActiveCfg = Release|Any CPU
		{04F0CF67-32A5-4314-BA24-5FCD46400D0D}.Release|x86.Build.0 = Release|Any CPU
	EndGlobalSection
	GlobalSection(SolutionProperties) = preSolution
		HideSolutionNode = FALSE
	EndGlobalSection
	GlobalSection(NestedProjects) = preSolution
		{9FE860E2-CA30-4904-874F-376522960DF9} = {1D581D33-850F-467D-BFB5-0D8562CC9059}
		{E5572909-ADAC-471B-8420-0FA00505D2B8} = {1D581D33-850F-467D-BFB5-0D8562CC9059}
		{7998CFA7-BE3B-477C-85E9-8EDED338429B} = {1D581D33-850F-467D-BFB5-0D8562CC9059}
		{409682B6-56F5-441E-8E9B-5CA8900D2B24} = {1D581D33-850F-467D-BFB5-0D8562CC9059}
		{2D745D66-7FEE-4C07-AD80-6D933396C22E} = {1D581D33-850F-467D-BFB5-0D8562CC9059}
		{B66ED025-1E59-456C-9286-45F67690FE8D} = {1D581D33-850F-467D-BFB5-0D8562CC9059}
		{184BBD55-3F25-426A-84F4-8FF262D9AFE0} = {08C80F05-2D97-4F62-B83F-16D928A958C5}
		{2100546D-1A28-44CF-A64C-4F6102805D37} = {08C80F05-2D97-4F62-B83F-16D928A958C5}
		{04F0CF67-32A5-4314-BA24-5FCD46400D0D} = {08C80F05-2D97-4F62-B83F-16D928A958C5}
	EndGlobalSection
	GlobalSection(ExtensibilityGlobals) = postSolution
		SolutionGuid = {8B219D90-146C-4B1E-BF39-E8D45CB409C9}
	EndGlobalSection
EndGlobal
